// !$*UTF8*$!
{
	archiveVersion = 1;
	classes = {
	};
	objectVersion = 46;
	objects = {

/* Begin PBXAggregateTarget section */
		83638ABB3D2746A490C4E9B1 /* ZERO_CHECK */ = {
			isa = PBXAggregateTarget;
			buildConfigurationList = 18886E9F82344FD8ACDE69A3 /* Build configuration list for PBXAggregateTarget "ZERO_CHECK" */;
			buildPhases = (
				90320EC1F43949D2BD7B2348 /* CMake Rules */,
			);
			dependencies = (
			);
			name = ZERO_CHECK;
			productName = ZERO_CHECK;
		};
		BBF16E135A8E444796AB9466 /* ALL_BUILD */ = {
			isa = PBXAggregateTarget;
			buildConfigurationList = AE7E87714531424BBB60105D /* Build configuration list for PBXAggregateTarget "ALL_BUILD" */;
			buildPhases = (
				A472D13EBB9A445D96684C3F /* CMake Rules */,
			);
			dependencies = (
				574BAD598AB94C9AB7933CAC /* PBXTargetDependency */,
				9AB32C1F2B3046159B6261A2 /* PBXTargetDependency */,
			);
			name = ALL_BUILD;
			productName = ALL_BUILD;
		};
/* End PBXAggregateTarget section */

/* Begin PBXBuildFile section */
		1D430B2C3C954DA4B92E3A3C /* /Users/virt/Developer/Self-Driving cars/batururimi/Term2/Model-Predictive-Control/src/MPC.cpp */ = {isa = PBXBuildFile; fileRef = 420E914AC16142E0B887BC24 /* /Users/virt/Developer/Self-Driving cars/batururimi/Term2/Model-Predictive-Control/src/MPC.cpp */; };
		4EAF73DE0FED4E0DA793A449 /* /Users/virt/Developer/Self-Driving cars/batururimi/Term2/Model-Predictive-Control/CMakeLists.txt */ = {isa = PBXBuildFile; fileRef = F9050786AC7C46C3817F1741 /* /Users/virt/Developer/Self-Driving cars/batururimi/Term2/Model-Predictive-Control/CMakeLists.txt */; };
		509ED26FCE0F43B589A23672 /* /Users/virt/Developer/Self-Driving cars/batururimi/Term2/Model-Predictive-Control/src/main.cpp */ = {isa = PBXBuildFile; fileRef = 6E34285FBDD34D47863EE8A9 /* /Users/virt/Developer/Self-Driving cars/batururimi/Term2/Model-Predictive-Control/src/main.cpp */; };
/* End PBXBuildFile section */

/* Begin PBXBuildStyle section */
		31DD9200BF544206898178FC /* RelWithDebInfo */ = {
			isa = PBXBuildStyle;
			buildSettings = {
				COPY_PHASE_STRIP = NO;
			};
			name = RelWithDebInfo;
		};
		8885CEE95EBC46FE8D307CA4 /* Release */ = {
			isa = PBXBuildStyle;
			buildSettings = {
				COPY_PHASE_STRIP = NO;
			};
			name = Release;
		};
		B8A4EDB653534EAFBAEF3586 /* MinSizeRel */ = {
			isa = PBXBuildStyle;
			buildSettings = {
				COPY_PHASE_STRIP = NO;
			};
			name = MinSizeRel;
		};
		EF8FA4ED64D748A39D311367 /* Debug */ = {
			isa = PBXBuildStyle;
			buildSettings = {
				COPY_PHASE_STRIP = NO;
			};
			name = Debug;
		};
/* End PBXBuildStyle section */

/* Begin PBXContainerItemProxy section */
		00FF4A2C613844F0AAE2B125 /* PBXContainerItemProxy */ = {
			isa = PBXContainerItemProxy;
			containerPortal = DA045A0929AF48CAB1211820 /* Project object */;
			proxyType = 1;
			remoteGlobalIDString = 60C8A07EA89542AE82E715F2;
			remoteInfo = mpc;
		};
		16E48C6EC93C4480B8898DC4 /* PBXContainerItemProxy */ = {
			isa = PBXContainerItemProxy;
			containerPortal = DA045A0929AF48CAB1211820 /* Project object */;
			proxyType = 1;
			remoteGlobalIDString = 83638ABB3D2746A490C4E9B1;
			remoteInfo = ZERO_CHECK;
		};
		8E4F58CB8A3C48FE8D7A4EE2 /* PBXContainerItemProxy */ = {
			isa = PBXContainerItemProxy;
			containerPortal = DA045A0929AF48CAB1211820 /* Project object */;
			proxyType = 1;
			remoteGlobalIDString = 83638ABB3D2746A490C4E9B1;
			remoteInfo = ZERO_CHECK;
		};
/* End PBXContainerItemProxy section */

/* Begin PBXFileReference section */
		058452989E8F4ED983D13F6B /* /Users/virt/Developer/Self-Driving cars/batururimi/Term2/Model-Predictive-Control/CMakeLists.txt */ = {isa = PBXFileReference; explicitFileType = sourcecode.text; fileEncoding = 4; name = CMakeLists.txt; path = CMakeLists.txt; sourceTree = SOURCE_ROOT; };
		3B404D080B09431394ADC681 /* mpc */ = {isa = PBXFileReference; explicitFileType = "compiled.mach-o.executable"; path = mpc; sourceTree = BUILT_PRODUCTS_DIR; };
		420E914AC16142E0B887BC24 /* /Users/virt/Developer/Self-Driving cars/batururimi/Term2/Model-Predictive-Control/src/MPC.cpp */ = {isa = PBXFileReference; explicitFileType = sourcecode.cpp.cpp; fileEncoding = 4; name = MPC.cpp; path = src/MPC.cpp; sourceTree = SOURCE_ROOT; };
		5BFC390718784ABDA613FF64 /* /Users/virt/Developer/Self-Driving cars/batururimi/Term2/Model-Predictive-Control/CMakeLists.txt */ = {isa = PBXFileReference; explicitFileType = sourcecode.text; fileEncoding = 4; name = CMakeLists.txt; path = CMakeLists.txt; sourceTree = SOURCE_ROOT; };
		6E34285FBDD34D47863EE8A9 /* /Users/virt/Developer/Self-Driving cars/batururimi/Term2/Model-Predictive-Control/src/main.cpp */ = {isa = PBXFileReference; explicitFileType = sourcecode.cpp.cpp; fileEncoding = 4; name = main.cpp; path = src/main.cpp; sourceTree = SOURCE_ROOT; };
		F9050786AC7C46C3817F1741 /* /Users/virt/Developer/Self-Driving cars/batururimi/Term2/Model-Predictive-Control/CMakeLists.txt */ = {isa = PBXFileReference; explicitFileType = sourcecode.text; fileEncoding = 4; name = CMakeLists.txt; path = CMakeLists.txt; sourceTree = SOURCE_ROOT; };
/* End PBXFileReference section */

/* Begin PBXGroup section */
		0BE3780D5A604DFCA33CB162 /* ALL_BUILD */ = {
			isa = PBXGroup;
			children = (
				C1E993ACD1DC460A96101000 /* CMake Rules */,
				5BFC390718784ABDA613FF64 /* /Users/virt/Developer/Self-Driving cars/batururimi/Term2/Model-Predictive-Control/CMakeLists.txt */,
			);
			name = ALL_BUILD;
			sourceTree = "<group>";
		};
		1407079D35E14771A9654E12 /* Products */ = {
			isa = PBXGroup;
			children = (
				3B404D080B09431394ADC681 /* mpc */,
			);
			name = Products;
			sourceTree = "<group>";
		};
		19343241BF8B48D1935350AA /* CMake Rules */ = {
			isa = PBXGroup;
			children = (
			);
			name = "CMake Rules";
			sourceTree = "<group>";
		};
		8B59B39C8BCA48EDB8AD2A14 = {
			isa = PBXGroup;
			children = (
				9D187BF237D14A478800E7F9 /* mpc */,
				0BE3780D5A604DFCA33CB162 /* ALL_BUILD */,
				CBF3764EA63442769B3B0609 /* ZERO_CHECK */,
				1407079D35E14771A9654E12 /* Products */,
			);
			sourceTree = "<group>";
		};
		9D187BF237D14A478800E7F9 /* mpc */ = {
			isa = PBXGroup;
			children = (
				A658AFADF15940358C665FD7 /* Source Files */,
				F9050786AC7C46C3817F1741 /* /Users/virt/Developer/Self-Driving cars/batururimi/Term2/Model-Predictive-Control/CMakeLists.txt */,
			);
			name = mpc;
			sourceTree = "<group>";
		};
		A658AFADF15940358C665FD7 /* Source Files */ = {
			isa = PBXGroup;
			children = (
				420E914AC16142E0B887BC24 /* /Users/virt/Developer/Self-Driving cars/batururimi/Term2/Model-Predictive-Control/src/MPC.cpp */,
				6E34285FBDD34D47863EE8A9 /* /Users/virt/Developer/Self-Driving cars/batururimi/Term2/Model-Predictive-Control/src/main.cpp */,
			);
			name = "Source Files";
			sourceTree = "<group>";
		};
		C1E993ACD1DC460A96101000 /* CMake Rules */ = {
			isa = PBXGroup;
			children = (
			);
			name = "CMake Rules";
			sourceTree = "<group>";
		};
		CBF3764EA63442769B3B0609 /* ZERO_CHECK */ = {
			isa = PBXGroup;
			children = (
				19343241BF8B48D1935350AA /* CMake Rules */,
				058452989E8F4ED983D13F6B /* /Users/virt/Developer/Self-Driving cars/batururimi/Term2/Model-Predictive-Control/CMakeLists.txt */,
			);
			name = ZERO_CHECK;
			sourceTree = "<group>";
		};
/* End PBXGroup section */

/* Begin PBXNativeTarget section */
		60C8A07EA89542AE82E715F2 /* mpc */ = {
			isa = PBXNativeTarget;
			buildConfigurationList = D5C5DDD9790944628F57807D /* Build configuration list for PBXNativeTarget "mpc" */;
			buildPhases = (
				49094EE0F3BB488B91720143 /* Sources */,
			);
			buildRules = (
			);
			dependencies = (
				0F061ED3C20F487CBB36BA80 /* PBXTargetDependency */,
			);
			name = mpc;
			productName = mpc;
			productReference = 3B404D080B09431394ADC681 /* mpc */;
			productType = "com.apple.product-type.tool";
		};
/* End PBXNativeTarget section */

/* Begin PBXProject section */
		DA045A0929AF48CAB1211820 /* Project object */ = {
			isa = PBXProject;
			attributes = {
				BuildIndependentTargetsInParallel = YES;
				LastUpgradeCheck = 0930;
			};
			buildConfigurationList = 5BAC7F3750FB41A09AEF7483 /* Build configuration list for PBXProject "MPC" */;
			buildSettings = {
			};
			buildStyles = (
				EF8FA4ED64D748A39D311367 /* Debug */,
				8885CEE95EBC46FE8D307CA4 /* Release */,
				B8A4EDB653534EAFBAEF3586 /* MinSizeRel */,
				31DD9200BF544206898178FC /* RelWithDebInfo */,
			);
			compatibilityVersion = "Xcode 3.2";
			hasScannedForEncodings = 0;
			mainGroup = 8B59B39C8BCA48EDB8AD2A14;
			projectDirPath = ../../;
			projectRoot = "";
			targets = (
				BBF16E135A8E444796AB9466 /* ALL_BUILD */,
				83638ABB3D2746A490C4E9B1 /* ZERO_CHECK */,
				60C8A07EA89542AE82E715F2 /* mpc */,
			);
		};
/* End PBXProject section */

/* Begin PBXShellScriptBuildPhase section */
		638314EE8AF54B508FB643A8 = {
			isa = PBXShellScriptBuildPhase;
			buildActionMask = 2147483647;
			files = (
			);
			inputPaths = (
			);
			outputPaths = (
			);
			runOnlyForDeploymentPostprocessing = 0;
			shellPath = /bin/sh;
			shellScript = "# shell script goes here
exit 0";
			showEnvVarsInLog = 0;
		};
		90320EC1F43949D2BD7B2348 /* CMake Rules */ = {
			isa = PBXShellScriptBuildPhase;
			buildActionMask = 2147483647;
			files = (
			);
			name = "CMake Rules";
			runOnlyForDeploymentPostprocessing = 0;
			shellPath = /bin/sh;
			shellScript = "make -C /Users/virt/Developer/Self-Driving\\ cars/batururimi/Term2/Model-Predictive-Control/ide_profiles/xcode -f /Users/virt/Developer/Self-Driving\\ cars/batururimi/Term2/Model-Predictive-Control/ide_profiles/xcode/CMakeScripts/ZERO_CHECK_cmakeRulesBuildPhase.make$CONFIGURATION all";
			showEnvVarsInLog = 0;
		};
		A472D13EBB9A445D96684C3F /* CMake Rules */ = {
			isa = PBXShellScriptBuildPhase;
			buildActionMask = 2147483647;
			files = (
			);
			name = "CMake Rules";
			runOnlyForDeploymentPostprocessing = 0;
			shellPath = /bin/sh;
			shellScript = "make -C /Users/virt/Developer/Self-Driving\\ cars/batururimi/Term2/Model-Predictive-Control/ide_profiles/xcode -f /Users/virt/Developer/Self-Driving\\ cars/batururimi/Term2/Model-Predictive-Control/ide_profiles/xcode/CMakeScripts/ALL_BUILD_cmakeRulesBuildPhase.make$CONFIGURATION all";
			showEnvVarsInLog = 0;
		};
		F82A3FD52879475B80D3FB21 = {
			isa = PBXShellScriptBuildPhase;
			buildActionMask = 2147483647;
			files = (
			);
			inputPaths = (
			);
			outputPaths = (
			);
			runOnlyForDeploymentPostprocessing = 0;
			shellPath = /bin/sh;
			shellScript = "# shell script goes here
exit 0";
			showEnvVarsInLog = 0;
		};
/* End PBXShellScriptBuildPhase section */

/* Begin PBXSourcesBuildPhase section */
		49094EE0F3BB488B91720143 /* Sources */ = {
			isa = PBXSourcesBuildPhase;
			buildActionMask = 2147483647;
			files = (
				1D430B2C3C954DA4B92E3A3C /* /Users/virt/Developer/Self-Driving cars/batururimi/Term2/Model-Predictive-Control/src/MPC.cpp */,
				509ED26FCE0F43B589A23672 /* /Users/virt/Developer/Self-Driving cars/batururimi/Term2/Model-Predictive-Control/src/main.cpp */,
			);
			runOnlyForDeploymentPostprocessing = 0;
		};
/* End PBXSourcesBuildPhase section */

/* Begin PBXTargetDependency section */
		0F061ED3C20F487CBB36BA80 /* PBXTargetDependency */ = {
			isa = PBXTargetDependency;
			target = 83638ABB3D2746A490C4E9B1 /* ZERO_CHECK */;
			targetProxy = 8E4F58CB8A3C48FE8D7A4EE2 /* PBXContainerItemProxy */;
		};
		574BAD598AB94C9AB7933CAC /* PBXTargetDependency */ = {
			isa = PBXTargetDependency;
			target = 60C8A07EA89542AE82E715F2 /* mpc */;
			targetProxy = 00FF4A2C613844F0AAE2B125 /* PBXContainerItemProxy */;
		};
		9AB32C1F2B3046159B6261A2 /* PBXTargetDependency */ = {
			isa = PBXTargetDependency;
			target = 83638ABB3D2746A490C4E9B1 /* ZERO_CHECK */;
			targetProxy = 16E48C6EC93C4480B8898DC4 /* PBXContainerItemProxy */;
		};
/* End PBXTargetDependency section */

/* Begin XCBuildConfiguration section */
		10AF1EF8D05A42DEA57CA8C6 /* Debug */ = {
			isa = XCBuildConfiguration;
			buildSettings = {
				COMBINE_HIDPI_IMAGES = YES;
				GCC_GENERATE_DEBUGGING_SYMBOLS = YES;
				GCC_INLINES_ARE_PRIVATE_EXTERN = NO;
				GCC_OPTIMIZATION_LEVEL = 0;
				GCC_PREPROCESSOR_DEFINITIONS = ("'CMAKE_INTDIR=\"$(CONFIGURATION)$(EFFECTIVE_PLATFORM_NAME)\"'");
				GCC_SYMBOLS_PRIVATE_EXTERN = NO;
				HEADER_SEARCH_PATHS = (/usr/local/include,"\"/Users/virt/Developer/Self-Driving cars/batururimi/Term2/Model-Predictive-Control/src/Eigen-3.3\"",/usr/local/opt/openssl/include);
				INSTALL_PATH = "";
				OTHER_LDFLAGS = " ";
				OTHER_REZFLAGS = "";
				PRODUCT_NAME = ZERO_CHECK;
				SECTORDER_FLAGS = "";
				SYMROOT = "/Users/virt/Developer/Self-Driving cars/batururimi/Term2/Model-Predictive-Control/ide_profiles/xcode";
				USE_HEADERMAP = NO;
				WARNING_CFLAGS = ("-Wmost","-Wno-four-char-constants","-Wno-unknown-pragmas","$(inherited)");
			};
			name = Debug;
		};
		16DEBFCC62E540BC9ECEB883 /* MinSizeRel */ = {
			isa = XCBuildConfiguration;
			buildSettings = {
				COMBINE_HIDPI_IMAGES = YES;
				GCC_GENERATE_DEBUGGING_SYMBOLS = YES;
				GCC_INLINES_ARE_PRIVATE_EXTERN = NO;
				GCC_OPTIMIZATION_LEVEL = 0;
				GCC_PREPROCESSOR_DEFINITIONS = ("'CMAKE_INTDIR=\"$(CONFIGURATION)$(EFFECTIVE_PLATFORM_NAME)\"'");
				GCC_SYMBOLS_PRIVATE_EXTERN = NO;
				HEADER_SEARCH_PATHS = (/usr/local/include,"\"/Users/virt/Developer/Self-Driving cars/batururimi/Term2/Model-Predictive-Control/src/Eigen-3.3\"",/usr/local/opt/openssl/include);
				INSTALL_PATH = "";
				OTHER_LDFLAGS = " ";
				OTHER_REZFLAGS = "";
				PRODUCT_NAME = ZERO_CHECK;
				SECTORDER_FLAGS = "";
				SYMROOT = "/Users/virt/Developer/Self-Driving cars/batururimi/Term2/Model-Predictive-Control/ide_profiles/xcode";
				USE_HEADERMAP = NO;
				WARNING_CFLAGS = ("-Wmost","-Wno-four-char-constants","-Wno-unknown-pragmas","$(inherited)");
			};
			name = MinSizeRel;
		};
		52F2CF44C5AF415DB23AA9CE /* RelWithDebInfo */ = {
			isa = XCBuildConfiguration;
			buildSettings = {
				COMBINE_HIDPI_IMAGES = YES;
				EXECUTABLE_PREFIX = "";
				EXECUTABLE_SUFFIX = "";
				GCC_GENERATE_DEBUGGING_SYMBOLS = YES;
				GCC_INLINES_ARE_PRIVATE_EXTERN = NO;
				GCC_OPTIMIZATION_LEVEL = 2;
				GCC_PREPROCESSOR_DEFINITIONS = ("'CMAKE_INTDIR=\"$(CONFIGURATION)$(EFFECTIVE_PLATFORM_NAME)\"'");
				GCC_SYMBOLS_PRIVATE_EXTERN = NO;
				HEADER_SEARCH_PATHS = (/usr/local/include,"\"/Users/virt/Developer/Self-Driving cars/batururimi/Term2/Model-Predictive-Control/src/Eigen-3.3\"",/usr/local/opt/openssl/include);
				INSTALL_PATH = "";
				LD_RUNPATH_SEARCH_PATHS = "/usr/local/lib /usr/local/opt/openssl/lib /usr/local/Cellar/libuv/1*/lib";
				LIBRARY_SEARCH_PATHS = " /usr/local/lib/$(CONFIGURATION)$(EFFECTIVE_PLATFORM_NAME) /usr/local/lib /usr/local/opt/openssl/lib/$(CONFIGURATION)$(EFFECTIVE_PLATFORM_NAME) /usr/local/opt/openssl/lib /usr/local/Cellar/libuv/1*/lib/$(CONFIGURATION)$(EFFECTIVE_PLATFORM_NAME) /usr/local/Cellar/libuv/1*/lib";
				OTHER_CPLUSPLUSFLAGS = "-Wall        -DNDEBUG   -std=c++11 -O3";
				OTHER_LDFLAGS = " -Wl,-search_paths_first -Wl,-headerpad_max_install_names  -lipopt -lz -lssl -luv -luWS";
				OTHER_REZFLAGS = "";
				PRODUCT_NAME = mpc;
				SECTORDER_FLAGS = "";
				SYMROOT = "/Users/virt/Developer/Self-Driving cars/batururimi/Term2/Model-Predictive-Control/ide_profiles/xcode";
				USE_HEADERMAP = NO;
				WARNING_CFLAGS = ("-Wmost","-Wno-four-char-constants","-Wno-unknown-pragmas","$(inherited)");
			};
			name = RelWithDebInfo;
		};
		718C855E5CBF4B84BF56C10B /* Debug */ = {
			isa = XCBuildConfiguration;
			buildSettings = {
				ONLY_ACTIVE_ARCH = YES;
				SDKROOT = /Applications/Xcode.app/Contents/Developer/Platforms/MacOSX.platform/Developer/SDKs/MacOSX10.13.sdk;
				SYMROOT = "/Users/virt/Developer/Self-Driving cars/batururimi/Term2/Model-Predictive-Control/ide_profiles/xcode/build";
			};
			name = Debug;
		};
		8715E63E71C946ED8248D0FD /* Release */ = {
			isa = XCBuildConfiguration;
			buildSettings = {
				ONLY_ACTIVE_ARCH = YES;
				SDKROOT = /Applications/Xcode.app/Contents/Developer/Platforms/MacOSX.platform/Developer/SDKs/MacOSX10.13.sdk;
				SYMROOT = "/Users/virt/Developer/Self-Driving cars/batururimi/Term2/Model-Predictive-Control/ide_profiles/xcode/build";
			};
			name = Release;
		};
		8F6DF37DA1CB44109AE6F435 /* RelWithDebInfo */ = {
			isa = XCBuildConfiguration;
			buildSettings = {
				COMBINE_HIDPI_IMAGES = YES;
				GCC_GENERATE_DEBUGGING_SYMBOLS = YES;
				GCC_INLINES_ARE_PRIVATE_EXTERN = NO;
				GCC_OPTIMIZATION_LEVEL = 0;
				GCC_PREPROCESSOR_DEFINITIONS = ("'CMAKE_INTDIR=\"$(CONFIGURATION)$(EFFECTIVE_PLATFORM_NAME)\"'");
				GCC_SYMBOLS_PRIVATE_EXTERN = NO;
				HEADER_SEARCH_PATHS = (/usr/local/include,"\"/Users/virt/Developer/Self-Driving cars/batururimi/Term2/Model-Predictive-Control/src/Eigen-3.3\"",/usr/local/opt/openssl/include);
				INSTALL_PATH = "";
				OTHER_LDFLAGS = " ";
				OTHER_REZFLAGS = "";
				PRODUCT_NAME = ALL_BUILD;
				SECTORDER_FLAGS = "";
				SYMROOT = "/Users/virt/Developer/Self-Driving cars/batururimi/Term2/Model-Predictive-Control/ide_profiles/xcode";
				USE_HEADERMAP = NO;
				WARNING_CFLAGS = ("-Wmost","-Wno-four-char-constants","-Wno-unknown-pragmas","$(inherited)");
			};
			name = RelWithDebInfo;
		};
		96384C04F3324DC3A8D19130 /* Release */ = {
			isa = XCBuildConfiguration;
			buildSettings = {
				COMBINE_HIDPI_IMAGES = YES;
				GCC_GENERATE_DEBUGGING_SYMBOLS = YES;
				GCC_INLINES_ARE_PRIVATE_EXTERN = NO;
				GCC_OPTIMIZATION_LEVEL = 0;
				GCC_PREPROCESSOR_DEFINITIONS = ("'CMAKE_INTDIR=\"$(CONFIGURATION)$(EFFECTIVE_PLATFORM_NAME)\"'");
				GCC_SYMBOLS_PRIVATE_EXTERN = NO;
				HEADER_SEARCH_PATHS = (/usr/local/include,"\"/Users/virt/Developer/Self-Driving cars/batururimi/Term2/Model-Predictive-Control/src/Eigen-3.3\"",/usr/local/opt/openssl/include);
				INSTALL_PATH = "";
				OTHER_LDFLAGS = " ";
				OTHER_REZFLAGS = "";
				PRODUCT_NAME = ALL_BUILD;
				SECTORDER_FLAGS = "";
				SYMROOT = "/Users/virt/Developer/Self-Driving cars/batururimi/Term2/Model-Predictive-Control/ide_profiles/xcode";
				USE_HEADERMAP = NO;
				WARNING_CFLAGS = ("-Wmost","-Wno-four-char-constants","-Wno-unknown-pragmas","$(inherited)");
			};
			name = Release;
		};
		AEF08C5641FA44E8BD795A50 /* Debug */ = {
			isa = XCBuildConfiguration;
			buildSettings = {
				COMBINE_HIDPI_IMAGES = YES;
				GCC_GENERATE_DEBUGGING_SYMBOLS = YES;
				GCC_INLINES_ARE_PRIVATE_EXTERN = NO;
				GCC_OPTIMIZATION_LEVEL = 0;
				GCC_PREPROCESSOR_DEFINITIONS = ("'CMAKE_INTDIR=\"$(CONFIGURATION)$(EFFECTIVE_PLATFORM_NAME)\"'");
				GCC_SYMBOLS_PRIVATE_EXTERN = NO;
				HEADER_SEARCH_PATHS = (/usr/local/include,"\"/Users/virt/Developer/Self-Driving cars/batururimi/Term2/Model-Predictive-Control/src/Eigen-3.3\"",/usr/local/opt/openssl/include);
				INSTALL_PATH = "";
				OTHER_LDFLAGS = " ";
				OTHER_REZFLAGS = "";
				PRODUCT_NAME = ALL_BUILD;
				SECTORDER_FLAGS = "";
				SYMROOT = "/Users/virt/Developer/Self-Driving cars/batururimi/Term2/Model-Predictive-Control/ide_profiles/xcode";
				USE_HEADERMAP = NO;
				WARNING_CFLAGS = ("-Wmost","-Wno-four-char-constants","-Wno-unknown-pragmas","$(inherited)");
			};
			name = Debug;
		};
		C95124ECB5A2402CBA1DED69 /* Release */ = {
			isa = XCBuildConfiguration;
			buildSettings = {
				COMBINE_HIDPI_IMAGES = YES;
				EXECUTABLE_PREFIX = "";
				EXECUTABLE_SUFFIX = "";
				GCC_GENERATE_DEBUGGING_SYMBOLS = NO;
				GCC_INLINES_ARE_PRIVATE_EXTERN = NO;
				GCC_OPTIMIZATION_LEVEL = 3;
				GCC_PREPROCESSOR_DEFINITIONS = ("'CMAKE_INTDIR=\"$(CONFIGURATION)$(EFFECTIVE_PLATFORM_NAME)\"'");
				GCC_SYMBOLS_PRIVATE_EXTERN = NO;
				HEADER_SEARCH_PATHS = (/usr/local/include,"\"/Users/virt/Developer/Self-Driving cars/batururimi/Term2/Model-Predictive-Control/src/Eigen-3.3\"",/usr/local/opt/openssl/include);
				INSTALL_PATH = "";
				LD_RUNPATH_SEARCH_PATHS = "/usr/local/lib /usr/local/opt/openssl/lib /usr/local/Cellar/libuv/1*/lib";
				LIBRARY_SEARCH_PATHS = " /usr/local/lib/$(CONFIGURATION)$(EFFECTIVE_PLATFORM_NAME) /usr/local/lib /usr/local/opt/openssl/lib/$(CONFIGURATION)$(EFFECTIVE_PLATFORM_NAME) /usr/local/opt/openssl/lib /usr/local/Cellar/libuv/1*/lib/$(CONFIGURATION)$(EFFECTIVE_PLATFORM_NAME) /usr/local/Cellar/libuv/1*/lib";
				OTHER_CPLUSPLUSFLAGS = "-Wall     -DNDEBUG   -std=c++11 -O3";
				OTHER_LDFLAGS = " -Wl,-search_paths_first -Wl,-headerpad_max_install_names  -lipopt -lz -lssl -luv -luWS";
				OTHER_REZFLAGS = "";
				PRODUCT_NAME = mpc;
				SECTORDER_FLAGS = "";
				SYMROOT = "/Users/virt/Developer/Self-Driving cars/batururimi/Term2/Model-Predictive-Control/ide_profiles/xcode";
				USE_HEADERMAP = NO;
				WARNING_CFLAGS = ("-Wmost","-Wno-four-char-constants","-Wno-unknown-pragmas","$(inherited)");
			};
			name = Release;
		};
		CC79FB55BF8B451EB5E7A10A /* Debug */ = {
			isa = XCBuildConfiguration;
			buildSettings = {
				COMBINE_HIDPI_IMAGES = YES;
				EXECUTABLE_PREFIX = "";
				EXECUTABLE_SUFFIX = "";
				GCC_GENERATE_DEBUGGING_SYMBOLS = YES;
				GCC_INLINES_ARE_PRIVATE_EXTERN = NO;
				GCC_OPTIMIZATION_LEVEL = 0;
				GCC_PREPROCESSOR_DEFINITIONS = ("'CMAKE_INTDIR=\"$(CONFIGURATION)$(EFFECTIVE_PLATFORM_NAME)\"'");
				GCC_SYMBOLS_PRIVATE_EXTERN = NO;
				HEADER_SEARCH_PATHS = (/usr/local/include,"\"/Users/virt/Developer/Self-Driving cars/batururimi/Term2/Model-Predictive-Control/src/Eigen-3.3\"",/usr/local/opt/openssl/include);
				INSTALL_PATH = "";
				LD_RUNPATH_SEARCH_PATHS = "/usr/local/lib /usr/local/opt/openssl/lib /usr/local/Cellar/libuv/1*/lib";
				LIBRARY_SEARCH_PATHS = " /usr/local/lib/$(CONFIGURATION)$(EFFECTIVE_PLATFORM_NAME) /usr/local/lib /usr/local/opt/openssl/lib/$(CONFIGURATION)$(EFFECTIVE_PLATFORM_NAME) /usr/local/opt/openssl/lib /usr/local/Cellar/libuv/1*/lib/$(CONFIGURATION)$(EFFECTIVE_PLATFORM_NAME) /usr/local/Cellar/libuv/1*/lib";
				OTHER_CPLUSPLUSFLAGS = "-Wall      -std=c++11 -O3";
				OTHER_LDFLAGS = " -Wl,-search_paths_first -Wl,-headerpad_max_install_names  -lipopt -lz -lssl -luv -luWS";
				OTHER_REZFLAGS = "";
				PRODUCT_NAME = mpc;
				SECTORDER_FLAGS = "";
				SYMROOT = "/Users/virt/Developer/Self-Driving cars/batururimi/Term2/Model-Predictive-Control/ide_profiles/xcode";
				USE_HEADERMAP = NO;
				WARNING_CFLAGS = ("-Wmost","-Wno-four-char-constants","-Wno-unknown-pragmas","$(inherited)");
			};
			name = Debug;
		};
		CD914FE3703146AB9595E935 /* RelWithDebInfo */ = {
			isa = XCBuildConfiguration;
			buildSettings = {
				COMBINE_HIDPI_IMAGES = YES;
				GCC_GENERATE_DEBUGGING_SYMBOLS = YES;
				GCC_INLINES_ARE_PRIVATE_EXTERN = NO;
				GCC_OPTIMIZATION_LEVEL = 0;
				GCC_PREPROCESSOR_DEFINITIONS = ("'CMAKE_INTDIR=\"$(CONFIGURATION)$(EFFECTIVE_PLATFORM_NAME)\"'");
				GCC_SYMBOLS_PRIVATE_EXTERN = NO;
				HEADER_SEARCH_PATHS = (/usr/local/include,"\"/Users/virt/Developer/Self-Driving cars/batururimi/Term2/Model-Predictive-Control/src/Eigen-3.3\"",/usr/local/opt/openssl/include);
				INSTALL_PATH = "";
				OTHER_LDFLAGS = " ";
				OTHER_REZFLAGS = "";
				PRODUCT_NAME = ZERO_CHECK;
				SECTORDER_FLAGS = "";
				SYMROOT = "/Users/virt/Developer/Self-Driving cars/batururimi/Term2/Model-Predictive-Control/ide_profiles/xcode";
				USE_HEADERMAP = NO;
				WARNING_CFLAGS = ("-Wmost","-Wno-four-char-constants","-Wno-unknown-pragmas","$(inherited)");
			};
			name = RelWithDebInfo;
		};
		DA51C01A8A65413990206772 /* Release */ = {
			isa = XCBuildConfiguration;
			buildSettings = {
				COMBINE_HIDPI_IMAGES = YES;
				GCC_GENERATE_DEBUGGING_SYMBOLS = YES;
				GCC_INLINES_ARE_PRIVATE_EXTERN = NO;
				GCC_OPTIMIZATION_LEVEL = 0;
				GCC_PREPROCESSOR_DEFINITIONS = ("'CMAKE_INTDIR=\"$(CONFIGURATION)$(EFFECTIVE_PLATFORM_NAME)\"'");
				GCC_SYMBOLS_PRIVATE_EXTERN = NO;
				HEADER_SEARCH_PATHS = (/usr/local/include,"\"/Users/virt/Developer/Self-Driving cars/batururimi/Term2/Model-Predictive-Control/src/Eigen-3.3\"",/usr/local/opt/openssl/include);
				INSTALL_PATH = "";
				OTHER_LDFLAGS = " ";
				OTHER_REZFLAGS = "";
				PRODUCT_NAME = ZERO_CHECK;
				SECTORDER_FLAGS = "";
				SYMROOT = "/Users/virt/Developer/Self-Driving cars/batururimi/Term2/Model-Predictive-Control/ide_profiles/xcode";
				USE_HEADERMAP = NO;
				WARNING_CFLAGS = ("-Wmost","-Wno-four-char-constants","-Wno-unknown-pragmas","$(inherited)");
			};
			name = Release;
		};
		E797D3B714964D8EB518BDFB /* MinSizeRel */ = {
			isa = XCBuildConfiguration;
			buildSettings = {
				ONLY_ACTIVE_ARCH = YES;
				SDKROOT = /Applications/Xcode.app/Contents/Developer/Platforms/MacOSX.platform/Developer/SDKs/MacOSX10.13.sdk;
				SYMROOT = "/Users/virt/Developer/Self-Driving cars/batururimi/Term2/Model-Predictive-Control/ide_profiles/xcode/build";
			};
			name = MinSizeRel;
		};
		EA87537599CC47CB81E3D319 /* RelWithDebInfo */ = {
			isa = XCBuildConfiguration;
			buildSettings = {
				ONLY_ACTIVE_ARCH = YES;
				SDKROOT = /Applications/Xcode.app/Contents/Developer/Platforms/MacOSX.platform/Developer/SDKs/MacOSX10.13.sdk;
				SYMROOT = "/Users/virt/Developer/Self-Driving cars/batururimi/Term2/Model-Predictive-Control/ide_profiles/xcode/build";
			};
			name = RelWithDebInfo;
		};
		EC5E79E7DC364F468C35FA5B /* MinSizeRel */ = {
			isa = XCBuildConfiguration;
			buildSettings = {
				COMBINE_HIDPI_IMAGES = YES;
				EXECUTABLE_PREFIX = "";
				EXECUTABLE_SUFFIX = "";
				GCC_GENERATE_DEBUGGING_SYMBOLS = NO;
				GCC_INLINES_ARE_PRIVATE_EXTERN = NO;
				GCC_OPTIMIZATION_LEVEL = s;
				GCC_PREPROCESSOR_DEFINITIONS = ("'CMAKE_INTDIR=\"$(CONFIGURATION)$(EFFECTIVE_PLATFORM_NAME)\"'");
				GCC_SYMBOLS_PRIVATE_EXTERN = NO;
				HEADER_SEARCH_PATHS = (/usr/local/include,"\"/Users/virt/Developer/Self-Driving cars/batururimi/Term2/Model-Predictive-Control/src/Eigen-3.3\"",/usr/local/opt/openssl/include);
				INSTALL_PATH = "";
				LD_RUNPATH_SEARCH_PATHS = "/usr/local/lib /usr/local/opt/openssl/lib /usr/local/Cellar/libuv/1*/lib";
				LIBRARY_SEARCH_PATHS = " /usr/local/lib/$(CONFIGURATION)$(EFFECTIVE_PLATFORM_NAME) /usr/local/lib /usr/local/opt/openssl/lib/$(CONFIGURATION)$(EFFECTIVE_PLATFORM_NAME) /usr/local/opt/openssl/lib /usr/local/Cellar/libuv/1*/lib/$(CONFIGURATION)$(EFFECTIVE_PLATFORM_NAME) /usr/local/Cellar/libuv/1*/lib";
				OTHER_CPLUSPLUSFLAGS = "-Wall     -DNDEBUG   -std=c++11 -O3";
				OTHER_LDFLAGS = " -Wl,-search_paths_first -Wl,-headerpad_max_install_names  -lipopt -lz -lssl -luv -luWS";
				OTHER_REZFLAGS = "";
				PRODUCT_NAME = mpc;
				SECTORDER_FLAGS = "";
				SYMROOT = "/Users/virt/Developer/Self-Driving cars/batururimi/Term2/Model-Predictive-Control/ide_profiles/xcode";
				USE_HEADERMAP = NO;
				WARNING_CFLAGS = ("-Wmost","-Wno-four-char-constants","-Wno-unknown-pragmas","$(inherited)");
			};
			name = MinSizeRel;
		};
		FD4B88F5AD6A460C8E094C5B /* MinSizeRel */ = {
			isa = XCBuildConfiguration;
			buildSettings = {
				COMBINE_HIDPI_IMAGES = YES;
				GCC_GENERATE_DEBUGGING_SYMBOLS = YES;
				GCC_INLINES_ARE_PRIVATE_EXTERN = NO;
				GCC_OPTIMIZATION_LEVEL = 0;
				GCC_PREPROCESSOR_DEFINITIONS = ("'CMAKE_INTDIR=\"$(CONFIGURATION)$(EFFECTIVE_PLATFORM_NAME)\"'");
				GCC_SYMBOLS_PRIVATE_EXTERN = NO;
				HEADER_SEARCH_PATHS = (/usr/local/include,"\"/Users/virt/Developer/Self-Driving cars/batururimi/Term2/Model-Predictive-Control/src/Eigen-3.3\"",/usr/local/opt/openssl/include);
				INSTALL_PATH = "";
				OTHER_LDFLAGS = " ";
				OTHER_REZFLAGS = "";
				PRODUCT_NAME = ALL_BUILD;
				SECTORDER_FLAGS = "";
				SYMROOT = "/Users/virt/Developer/Self-Driving cars/batururimi/Term2/Model-Predictive-Control/ide_profiles/xcode";
				USE_HEADERMAP = NO;
				WARNING_CFLAGS = ("-Wmost","-Wno-four-char-constants","-Wno-unknown-pragmas","$(inherited)");
			};
			name = MinSizeRel;
		};
/* End XCBuildConfiguration section */

/* Begin XCConfigurationList section */
		18886E9F82344FD8ACDE69A3 /* Build configuration list for PBXAggregateTarget "ZERO_CHECK" */ = {
			isa = XCConfigurationList;
			buildConfigurations = (
				10AF1EF8D05A42DEA57CA8C6 /* Debug */,
				DA51C01A8A65413990206772 /* Release */,
				16DEBFCC62E540BC9ECEB883 /* MinSizeRel */,
				CD914FE3703146AB9595E935 /* RelWithDebInfo */,
			);
			defaultConfigurationIsVisible = 0;
			defaultConfigurationName = Debug;
		};
		5BAC7F3750FB41A09AEF7483 /* Build configuration list for PBXProject "MPC" */ = {
			isa = XCConfigurationList;
			buildConfigurations = (
				718C855E5CBF4B84BF56C10B /* Debug */,
				8715E63E71C946ED8248D0FD /* Release */,
				E797D3B714964D8EB518BDFB /* MinSizeRel */,
				EA87537599CC47CB81E3D319 /* RelWithDebInfo */,
			);
			defaultConfigurationIsVisible = 0;
			defaultConfigurationName = Debug;
		};
		AE7E87714531424BBB60105D /* Build configuration list for PBXAggregateTarget "ALL_BUILD" */ = {
			isa = XCConfigurationList;
			buildConfigurations = (
				AEF08C5641FA44E8BD795A50 /* Debug */,
				96384C04F3324DC3A8D19130 /* Release */,
				FD4B88F5AD6A460C8E094C5B /* MinSizeRel */,
				8F6DF37DA1CB44109AE6F435 /* RelWithDebInfo */,
			);
			defaultConfigurationIsVisible = 0;
			defaultConfigurationName = Debug;
		};
		D5C5DDD9790944628F57807D /* Build configuration list for PBXNativeTarget "mpc" */ = {
			isa = XCConfigurationList;
			buildConfigurations = (
				CC79FB55BF8B451EB5E7A10A /* Debug */,
				C95124ECB5A2402CBA1DED69 /* Release */,
				EC5E79E7DC364F468C35FA5B /* MinSizeRel */,
				52F2CF44C5AF415DB23AA9CE /* RelWithDebInfo */,
			);
			defaultConfigurationIsVisible = 0;
			defaultConfigurationName = Debug;
		};
/* End XCConfigurationList section */
	};
	rootObject = DA045A0929AF48CAB1211820 /* Project object */;
}
